{
  "name": "client",
  "version": "0.1.0",
  "lockfileVersion": 1,
  "requires": true,
  "dependencies": {
    "materialize-css": {
      "version": "1.0.0-beta",
      "resolved": "https://registry.npmjs.org/materialize-css/-/materialize-css-1.0.0-beta.tgz",
      "integrity": "sha1-/nm7p/qnfSd1aLKQ4fdbDYxjWSY="
    }
  }
}
